// !$*UTF8*$!
{
	archiveVersion = 1;
	classes = {
	};
	objectVersion = 50;
	objects = {

/* Begin PBXBuildFile section */
		3F1B16C824BD44A300008A89 /* AppDelegate.m in Sources */ = {isa = PBXBuildFile; fileRef = 3F1B16C724BD44A300008A89 /* AppDelegate.m */; };
		3F1B16CB24BD44A300008A89 /* SceneDelegate.m in Sources */ = {isa = PBXBuildFile; fileRef = 3F1B16CA24BD44A300008A89 /* SceneDelegate.m */; };
		3F1B16CE24BD44A300008A89 /* ViewController.m in Sources */ = {isa = PBXBuildFile; fileRef = 3F1B16CD24BD44A300008A89 /* ViewController.m */; };
		3F1B16D124BD44A300008A89 /* Main.storyboard in Resources */ = {isa = PBXBuildFile; fileRef = 3F1B16CF24BD44A300008A89 /* Main.storyboard */; };
		3F1B16D324BD44A500008A89 /* Assets.xcassets in Resources */ = {isa = PBXBuildFile; fileRef = 3F1B16D224BD44A500008A89 /* Assets.xcassets */; };
		3F1B16D624BD44A500008A89 /* LaunchScreen.storyboard in Resources */ = {isa = PBXBuildFile; fileRef = 3F1B16D424BD44A500008A89 /* LaunchScreen.storyboard */; };
		3F1B16D924BD44A500008A89 /* main.m in Sources */ = {isa = PBXBuildFile; fileRef = 3F1B16D824BD44A500008A89 /* main.m */; };
/* End PBXBuildFile section */

/* Begin PBXFileReference section */
		3F1B16C324BD44A300008A89 /* IvarAndPropertyDemo.app */ = {isa = PBXFileReference; explicitFileType = wrapper.application; includeInIndex = 0; path = IvarAndPropertyDemo.app; sourceTree = BUILT_PRODUCTS_DIR; };
		3F1B16C624BD44A300008A89 /* AppDelegate.h */ = {isa = PBXFileReference; lastKnownFileType = sourcecode.c.h; path = AppDelegate.h; sourceTree = "<group>"; };
		3F1B16C724BD44A300008A89 /* AppDelegate.m */ = {isa = PBXFileReference; lastKnownFileType = sourcecode.c.objc; path = AppDelegate.m; sourceTree = "<group>"; };
		3F1B16C924BD44A300008A89 /* SceneDelegate.h */ = {isa = PBXFileReference; lastKnownFileType = sourcecode.c.h; path = SceneDelegate.h; sourceTree = "<group>"; };
		3F1B16CA24BD44A300008A89 /* SceneDelegate.m */ = {isa = PBXFileReference; lastKnownFileType = sourcecode.c.objc; path = SceneDelegate.m; sourceTree = "<group>"; };
		3F1B16CC24BD44A300008A89 /* ViewController.h */ = {isa = PBXFileReference; lastKnownFileType = sourcecode.c.h; path = ViewController.h; sourceTree = "<group>"; };
		3F1B16CD24BD44A300008A89 /* ViewController.m */ = {isa = PBXFileReference; lastKnownFileType = sourcecode.c.objc; path = ViewController.m; sourceTree = "<group>"; };
		3F1B16D024BD44A300008A89 /* Base */ = {isa = PBXFileReference; lastKnownFileType = file.storyboard; name = Base; path = Base.lproj/Main.storyboard; sourceTree = "<group>"; };
		3F1B16D224BD44A500008A89 /* Assets.xcassets */ = {isa = PBXFileReference; lastKnownFileType = folder.assetcatalog; path = Assets.xcassets; sourceTree = "<group>"; };
		3F1B16D524BD44A500008A89 /* Base */ = {isa = PBXFileReference; lastKnownFileType = file.storyboard; name = Base; path = Base.lproj/LaunchScreen.storyboard; sourceTree = "<group>"; };
		3F1B16D724BD44A500008A89 /* Info.plist */ = {isa = PBXFileReference; lastKnownFileType = text.plist.xml; path = Info.plist; sourceTree = "<group>"; };
		3F1B16D824BD44A500008A89 /* main.m */ = {isa = PBXFileReference; lastKnownFileType = sourcecode.c.objc; path = main.m; sourceTree = "<group>"; };
/* End PBXFileReference section */

/* Begin PBXFrameworksBuildPhase section */
		3F1B16C024BD44A300008A89 /* Frameworks */ = {
			isa = PBXFrameworksBuildPhase;
			buildActionMask = 2147483647;
			files = (
			);
			runOnlyForDeploymentPostprocessing = 0;
		};
/* End PBXFrameworksBuildPhase section */

/* Begin PBXGroup section */
		3F1B16BA24BD44A300008A89 = {
			isa = PBXGroup;
			children = (
				3F1B16C524BD44A300008A89 /* IvarAndPropertyDemo */,
				3F1B16C424BD44A300008A89 /* Products */,
			);
			sourceTree = "<group>";
		};
		3F1B16C424BD44A300008A89 /* Products */ = {
			isa = PBXGroup;
			children = (
				3F1B16C324BD44A300008A89 /* IvarAndPropertyDemo.app */,
			);
			name = Products;
			sourceTree = "<group>";
		};
		3F1B16C524BD44A300008A89 /* IvarAndPropertyDemo */ = {
			isa = PBXGroup;
			children = (
				3F1B16C624BD44A300008A89 /* AppDelegate.h */,
				3F1B16C724BD44A300008A89 /* AppDelegate.m */,
				3F1B16C924BD44A300008A89 /* SceneDelegate.h */,
				3F1B16CA24BD44A300008A89 /* SceneDelegate.m */,
				3F1B16CC24BD44A300008A89 /* ViewController.h */,
				3F1B16CD24BD44A300008A89 /* ViewController.m */,
				3F1B16CF24BD44A300008A89 /* Main.storyboard */,
				3F1B16D224BD44A500008A89 /* Assets.xcassets */,
				3F1B16D424BD44A500008A89 /* LaunchScreen.storyboard */,
				3F1B16D724BD44A500008A89 /* Info.plist */,
				3F1B16D824BD44A500008A89 /* main.m */,
			);
			path = IvarAndPropertyDemo;
			sourceTree = "<group>";
		};
/* End PBXGroup section */

/* Begin PBXNativeTarget section */
		3F1B16C224BD44A300008A89 /* IvarAndPropertyDemo */ = {
			isa = PBXNativeTarget;
			buildConfigurationList = 3F1B16DC24BD44A500008A89 /* Build configuration list for PBXNativeTarget "IvarAndPropertyDemo" */;
			buildPhases = (
				3F1B16BF24BD44A300008A89 /* Sources */,
				3F1B16C024BD44A300008A89 /* Frameworks */,
				3F1B16C124BD44A300008A89 /* Resources */,
			);
			buildRules = (
			);
			dependencies = (
			);
			name = IvarAndPropertyDemo;
			productName = IvarAndPropertyDemo;
			productReference = 3F1B16C324BD44A300008A89 /* IvarAndPropertyDemo.app */;
			productType = "com.apple.product-type.application";
		};
/* End PBXNativeTarget section */

/* Begin PBXProject section */
		3F1B16BB24BD44A300008A89 /* Project object */ = {
			isa = PBXProject;
			attributes = {
				LastUpgradeCheck = 1150;
				ORGANIZATIONNAME = www.sunyazhou.com;
				TargetAttributes = {
					3F1B16C224BD44A300008A89 = {
						CreatedOnToolsVersion = 11.5;
					};
				};
			};
			buildConfigurationList = 3F1B16BE24BD44A300008A89 /* Build configuration list for PBXProject "IvarAndPropertyDemo" */;
			compatibilityVersion = "Xcode 9.3";
			developmentRegion = en;
			hasScannedForEncodings = 0;
			knownRegions = (
				en,
				Base,
			);
			mainGroup = 3F1B16BA24BD44A300008A89;
			productRefGroup = 3F1B16C424BD44A300008A89 /* Products */;
			projectDirPath = "";
			projectRoot = "";
			targets = (
				3F1B16C224BD44A300008A89 /* IvarAndPropertyDemo */,
			);
		};
/* End PBXProject section */

/* Begin PBXResourcesBuildPhase section */
		3F1B16C124BD44A300008A89 /* Resources */ = {
			isa = PBXResourcesBuildPhase;
			buildActionMask = 2147483647;
			files = (
				3F1B16D624BD44A500008A89 /* LaunchScreen.storyboard in Resources */,
				3F1B16D324BD44A500008A89 /* Assets.xcassets in Resources */,
				3F1B16D124BD44A300008A89 /* Main.storyboard in Resources */,
			);
			runOnlyForDeploymentPostprocessing = 0;
		};
/* End PBXResourcesBuildPhase section */

/* Begin PBXSourcesBuildPhase section */
		3F1B16BF24BD44A300008A89 /* Sources */ = {
			isa = PBXSourcesBuildPhase;
			buildActionMask = 2147483647;
			files = (
				3F1B16CE24BD44A300008A89 /* ViewController.m in Sources */,
				3F1B16C824BD44A300008A89 /* AppDelegate.m in Sources */,
				3F1B16D924BD44A500008A89 /* main.m in Sources */,
				3F1B16CB24BD44A300008A89 /* SceneDelegate.m in Sources */,
			);
			runOnlyForDeploymentPostprocessing = 0;
		};
/* End PBXSourcesBuildPhase section */

/* Begin PBXVariantGroup section */
		3F1B16CF24BD44A300008A89 /* Main.storyboard */ = {
			isa = PBXVariantGroup;
			children = (
				3F1B16D024BD44A300008A89 /* Base */,
			);
			name = Main.storyboard;
			sourceTree = "<group>";
		};
		3F1B16D424BD44A500008A89 /* LaunchScreen.storyboard */ = {
			isa = PBXVariantGroup;
			children = (
				3F1B16D524BD44A500008A89 /* Base */,
			);
			name = LaunchScreen.storyboard;
			sourceTree = "<group>";
		};
/* End PBXVariantGroup section */

/* Begin XCBuildConfiguration section */
		3F1B16DA24BD44A500008A89 /* Debug */ = {
			isa = XCBuildConfiguration;
			buildSettings = {
				ALWAYS_SEARCH_USER_PATHS = NO;
				CLANG_ANALYZER_NONNULL = YES;
				CLANG_ANALYZER_NUMBER_OBJECT_CONVERSION = YES_AGGRESSIVE;
				CLANG_CXX_LANGUAGE_STANDARD = "gnu++14";
				CLANG_CXX_LIBRARY = "libc++";
				CLANG_ENABLE_MODULES = YES;
				CLANG_ENABLE_OBJC_ARC = YES;
				CLANG_ENABLE_OBJC_WEAK = YES;
				CLANG_WARN_BLOCK_CAPTURE_AUTORELEASING = YES;
				CLANG_WARN_BOOL_CONVERSION = YES;
				CLANG_WARN_COMMA = YES;
				CLANG_WARN_CONSTANT_CONVERSION = YES;
				CLANG_WARN_DEPRECATED_OBJC_IMPLEMENTATIONS = YES;
				CLANG_WARN_DIRECT_OBJC_ISA_USAGE = YES_ERROR;
				CLANG_WARN_DOCUMENTATION_COMMENTS = YES;
				CLANG_WARN_EMPTY_BODY = YES;
				CLANG_WARN_ENUM_CONVERSION = YES;
				CLANG_WARN_INFINITE_RECURSION = YES;
				CLANG_WARN_INT_CONVERSION = YES;
				CLANG_WARN_NON_LITERAL_NULL_CONVERSION = YES;
				CLANG_WARN_OBJC_IMPLICIT_RETAIN_SELF = YES;
				CLANG_WARN_OBJC_LITERAL_CONVERSION = YES;
				CLANG_WARN_OBJC_ROOT_CLASS = YES_ERROR;
				CLANG_WARN_RANGE_LOOP_ANALYSIS = YES;
				CLANG_WARN_STRICT_PROTOTYPES = YES;
				CLANG_WARN_SUSPICIOUS_MOVE = YES;
				CLANG_WARN_UNGUARDED_AVAILABILITY = YES_AGGRESSIVE;
				CLANG_WARN_UNREACHABLE_CODE = YES;
				CLANG_WARN__DUPLICATE_METHOD_MATCH = YES;
				COPY_PHASE_STRIP = NO;
				DEBUG_INFORMATION_FORMAT = dwarf;
				ENABLE_STRICT_OBJC_MSGSEND = YES;
				ENABLE_TESTABILITY = YES;
				GCC_C_LANGUAGE_STANDARD = gnu11;
				GCC_DYNAMIC_NO_PIC = NO;
				GCC_NO_COMMON_BLOCKS = YES;
				GCC_OPTIMIZATION_LEVEL = 0;
				GCC_PREPROCESSOR_DEFINITIONS = (
					"DEBUG=1",
					"$(inherited)",
				);
				GCC_WARN_64_TO_32_BIT_CONVERSION = YES;
				GCC_WARN_ABOUT_RETURN_TYPE = YES_ERROR;
				GCC_WARN_UNDECLARED_SELECTOR = YES;
				GCC_WARN_UNINITIALIZED_AUTOS = YES_AGGRESSIVE;
				GCC_WARN_UNUSED_FUNCTION = YES;
				GCC_WARN_UNUSED_VARIABLE = YES;
				IPHONEOS_DEPLOYMENT_TARGET = 13.5;
				MTL_ENABLE_DEBUG_INFO = INCLUDE_SOURCE;
				MTL_FAST_MATH = YES;
				ONLY_ACTIVE_ARCH = YES;
				SDKROOT = iphoneos;
			};
			name = Debug;
		};
		3F1B16DB24BD44A500008A89 /* Release */ = {
			isa = XCBuildConfiguration;
			buildSettings = {
				ALWAYS_SEARCH_USER_PATHS = NO;
				CLANG_ANALYZER_NONNULL = YES;
				CLANG_ANALYZER_NUMBER_OBJECT_CONVERSION = YES_AGGRESSIVE;
				CLANG_CXX_LANGUAGE_STANDARD = "gnu++14";
				CLANG_CXX_LIBRARY = "libc++";
				CLANG_ENABLE_MODULES = YES;
				CLANG_ENABLE_OBJC_ARC = YES;
				CLANG_ENABLE_OBJC_WEAK = YES;
				CLANG_WARN_BLOCK_CAPTURE_AUTORELEASING = YES;
				CLANG_WARN_BOOL_CONVERSION = YES;
				CLANG_WARN_COMMA = YES;
				CLANG_WARN_CONSTANT_CONVERSION = YES;
				CLANG_WARN_DEPRECATED_OBJC_IMPLEMENTATIONS = YES;
				CLANG_WARN_DIRECT_OBJC_ISA_USAGE = YES_ERROR;
				CLANG_WARN_DOCUMENTATION_COMMENTS = YES;
				CLANG_WARN_EMPTY_BODY = YES;
				CLANG_WARN_ENUM_CONVERSION = YES;
				CLANG_WARN_INFINITE_RECURSION = YES;
				CLANG_WARN_INT_CONVERSION = YES;
				CLANG_WARN_NON_LITERAL_NULL_CONVERSION = YES;
				CLANG_WARN_OBJC_IMPLICIT_RETAIN_SELF = YES;
				CLANG_WARN_OBJC_LITERAL_CONVERSION = YES;
				CLANG_WARN_OBJC_ROOT_CLASS = YES_ERROR;
				CLANG_WARN_RANGE_LOOP_ANALYSIS = YES;
				CLANG_WARN_STRICT_PROTOTYPES = YES;
				CLANG_WARN_SUSPICIOUS_MOVE = YES;
				CLANG_WARN_UNGUARDED_AVAILABILITY = YES_AGGRESSIVE;
				CLANG_WARN_UNREACHABLE_CODE = YES;
				CLANG_WARN__DUPLICATE_METHOD_MATCH = YES;
				COPY_PHASE_STRIP = NO;
				DEBUG_INFORMATION_FORMAT = "dwarf-with-dsym";
				ENABLE_NS_ASSERTIONS = NO;
				ENABLE_STRICT_OBJC_MSGSEND = YES;
				GCC_C_LANGUAGE_STANDARD = gnu11;
				GCC_NO_COMMON_BLOCKS = YES;
				GCC_WARN_64_TO_32_BIT_CONVERSION = YES;
				GCC_WARN_ABOUT_RETURN_TYPE = YES_ERROR;
				GCC_WARN_UNDECLARED_SELECTOR = YES;
				GCC_WARN_UNINITIALIZED_AUTOS = YES_AGGRESSIVE;
				GCC_WARN_UNUSED_FUNCTION = YES;
				GCC_WARN_UNUSED_VARIABLE = YES;
				IPHONEOS_DEPLOYMENT_TARGET = 13.5;
				MTL_ENABLE_DEBUG_INFO = NO;
				MTL_FAST_MATH = YES;
				SDKROOT = iphoneos;
				VALIDATE_PRODUCT = YES;
			};
			name = Release;
		};
		3F1B16DD24BD44A500008A89 /* Debug */ = {
			isa = XCBuildConfiguration;
			buildSettings = {
				ASSETCATALOG_COMPILER_APPICON_NAME = AppIcon;
				CODE_SIGN_STYLE = Automatic;
				DEVELOPMENT_TEAM = 2CD9DJMEZS;
				INFOPLIST_FILE = IvarAndPropertyDemo/Info.plist;
				LD_RUNPATH_SEARCH_PATHS = (
					"$(inherited)",
					"@executable_path/Frameworks",
				);
				PRODUCT_BUNDLE_IDENTIFIER = com.sunyazhou.IvarAndPropertyDemo;
				PRODUCT_NAME = "$(TARGET_NAME)";
				TARGETED_DEVICE_FAMILY = "1,2";
			};
			name = Debug;
		};
		3F1B16DE24BD44A500008A89 /* Release */ = {
			isa = XCBuildConfiguration;
			buildSettings = {
				ASSETCATALOG_COMPILER_APPICON_NAME = AppIcon;
				CODE_SIGN_STYLE = Automatic;
				DEVELOPMENT_TEAM = 2CD9DJMEZS;
				INFOPLIST_FILE = IvarAndPropertyDemo/Info.plist;
				LD_RUNPATH_SEARCH_PATHS = (
					"$(inherited)",
					"@executable_path/Frameworks",
				);
				PRODUCT_BUNDLE_IDENTIFIER = com.sunyazhou.IvarAndPropertyDemo;
				PRODUCT_NAME = "$(TARGET_NAME)";
				TARGETED_DEVICE_FAMILY = "1,2";
			};
			name = Release;
		};
/* End XCBuildConfiguration section */

/* Begin XCConfigurationList section */
		3F1B16BE24BD44A300008A89 /* Build configuration list for PBXProject "IvarAndPropertyDemo" */ = {
			isa = XCConfigurationList;
			buildConfigurations = (
				3F1B16DA24BD44A500008A89 /* Debug */,
				3F1B16DB24BD44A500008A89 /* Release */,
			);
			defaultConfigurationIsVisible = 0;
			defaultConfigurationName = Release;
		};
		3F1B16DC24BD44A500008A89 /* Build configuration list for PBXNativeTarget "IvarAndPropertyDemo" */ = {
			isa = XCConfigurationList;
			buildConfigurations = (
				3F1B16DD24BD44A500008A89 /* Debug */,
				3F1B16DE24BD44A500008A89 /* Release */,
			);
			defaultConfigurationIsVisible = 0;
			defaultConfigurationName = Release;
		};
/* End XCConfigurationList section */
	};
	rootObject = 3F1B16BB24BD44A300008A89 /* Project object */;
}
